
Microsoft Visual Studio Solution File, Format Version 12.00
# Visual Studio Version 17
VisualStudioVersion = 17.8.34330.188
MinimumVisualStudioVersion = 10.0.40219.1
Project("{FAE04EC0-301F-11D3-BF4B-00C04F79EFBC}") = "JogarDados", "JogarDados\JogarDados.csproj", "{9B421AF1-DBC0-4886-AD03-7D8CAECDD583}"
EndProject
Global
	GlobalSection(SolutionConfigurationPlatforms) = preSolution
		Debug|Any CPU = Debug|Any CPU
		Release|Any CPU = Release|Any CPU
	EndGlobalSection
	GlobalSection(ProjectConfigurationPlatforms) = postSolution
		{9B421AF1-DBC0-4886-AD03-7D8CAECDD583}.Debug|Any CPU.ActiveCfg = Debug|Any CPU
		{9B421AF1-DBC0-4886-AD03-7D8CAECDD583}.Debug|Any CPU.Build.0 = Debug|Any CPU
		{9B421AF1-DBC0-4886-AD03-7D8CAECDD583}.Release|Any CPU.ActiveCfg = Release|Any CPU
		{9B421AF1-DBC0-4886-AD03-7D8CAECDD583}.Release|Any CPU.Build.0 = Release|Any CPU
	EndGlobalSection
	GlobalSection(SolutionProperties) = preSolution
		HideSolutionNode = FALSE
	EndGlobalSection
	GlobalSection(ExtensibilityGlobals) = postSolution
		SolutionGuid = {36D9F2CF-8CB3-4663-A2C7-B5B5A38B0371}
	EndGlobalSection
EndGlobal
